// !$*UTF8*$!
{
	archiveVersion = 1;
	classes = {
	};
	objectVersion = 56;
	objects = {

/* Begin PBXBuildFile section */
		E8CDF3432AEA14A000648A2A /* AppDelegate.swift in Sources */ = {isa = PBXBuildFile; fileRef = E8CDF3422AEA14A000648A2A /* AppDelegate.swift */; };
		E8CDF3452AEA14A000648A2A /* SceneDelegate.swift in Sources */ = {isa = PBXBuildFile; fileRef = E8CDF3442AEA14A000648A2A /* SceneDelegate.swift */; };
		E8CDF3472AEA14A000648A2A /* ViewController.swift in Sources */ = {isa = PBXBuildFile; fileRef = E8CDF3462AEA14A000648A2A /* ViewController.swift */; };
		E8CDF34A2AEA14A000648A2A /* Main.storyboard in Resources */ = {isa = PBXBuildFile; fileRef = E8CDF3482AEA14A000648A2A /* Main.storyboard */; };
		E8CDF34C2AEA14A400648A2A /* Assets.xcassets in Resources */ = {isa = PBXBuildFile; fileRef = E8CDF34B2AEA14A400648A2A /* Assets.xcassets */; };
		E8CDF34F2AEA14A400648A2A /* LaunchScreen.storyboard in Resources */ = {isa = PBXBuildFile; fileRef = E8CDF34D2AEA14A400648A2A /* LaunchScreen.storyboard */; };
		E8CDF35A2AEA14A500648A2A /* MobilityHubTests.swift in Sources */ = {isa = PBXBuildFile; fileRef = E8CDF3592AEA14A500648A2A /* MobilityHubTests.swift */; };
		E8CDF3642AEA14A500648A2A /* MobilityHubUITests.swift in Sources */ = {isa = PBXBuildFile; fileRef = E8CDF3632AEA14A500648A2A /* MobilityHubUITests.swift */; };
		E8CDF3662AEA14A500648A2A /* MobilityHubUITestsLaunchTests.swift in Sources */ = {isa = PBXBuildFile; fileRef = E8CDF3652AEA14A500648A2A /* MobilityHubUITestsLaunchTests.swift */; };
		E8E2E9D22AEC7B9100467CE7 /* TestController.swift in Sources */ = {isa = PBXBuildFile; fileRef = E8E2E9D12AEC7B9100467CE7 /* TestController.swift */; };
/* End PBXBuildFile section */

/* Begin PBXContainerItemProxy section */
		E8CDF3562AEA14A500648A2A /* PBXContainerItemProxy */ = {
			isa = PBXContainerItemProxy;
			containerPortal = E8CDF3372AEA14A000648A2A /* Project object */;
			proxyType = 1;
			remoteGlobalIDString = E8CDF33E2AEA14A000648A2A;
			remoteInfo = MobilityHub;
		};
		E8CDF3602AEA14A500648A2A /* PBXContainerItemProxy */ = {
			isa = PBXContainerItemProxy;
			containerPortal = E8CDF3372AEA14A000648A2A /* Project object */;
			proxyType = 1;
			remoteGlobalIDString = E8CDF33E2AEA14A000648A2A;
			remoteInfo = MobilityHub;
		};
/* End PBXContainerItemProxy section */

/* Begin PBXFileReference section */
		E8CDF33F2AEA14A000648A2A /* MobilityHub.app */ = {isa = PBXFileReference; explicitFileType = wrapper.application; includeInIndex = 0; path = MobilityHub.app; sourceTree = BUILT_PRODUCTS_DIR; };
		E8CDF3422AEA14A000648A2A /* AppDelegate.swift */ = {isa = PBXFileReference; lastKnownFileType = sourcecode.swift; path = AppDelegate.swift; sourceTree = "<group>"; };
		E8CDF3442AEA14A000648A2A /* SceneDelegate.swift */ = {isa = PBXFileReference; lastKnownFileType = sourcecode.swift; path = SceneDelegate.swift; sourceTree = "<group>"; };
		E8CDF3462AEA14A000648A2A /* ViewController.swift */ = {isa = PBXFileReference; lastKnownFileType = sourcecode.swift; path = ViewController.swift; sourceTree = "<group>"; };
		E8CDF3492AEA14A000648A2A /* Base */ = {isa = PBXFileReference; lastKnownFileType = file.storyboard; name = Base; path = Base.lproj/Main.storyboard; sourceTree = "<group>"; };
		E8CDF34B2AEA14A400648A2A /* Assets.xcassets */ = {isa = PBXFileReference; lastKnownFileType = folder.assetcatalog; path = Assets.xcassets; sourceTree = "<group>"; };
		E8CDF34E2AEA14A400648A2A /* Base */ = {isa = PBXFileReference; lastKnownFileType = file.storyboard; name = Base; path = Base.lproj/LaunchScreen.storyboard; sourceTree = "<group>"; };
		E8CDF3502AEA14A400648A2A /* Info.plist */ = {isa = PBXFileReference; lastKnownFileType = text.plist.xml; path = Info.plist; sourceTree = "<group>"; };
		E8CDF3552AEA14A500648A2A /* MobilityHubTests.xctest */ = {isa = PBXFileReference; explicitFileType = wrapper.cfbundle; includeInIndex = 0; path = MobilityHubTests.xctest; sourceTree = BUILT_PRODUCTS_DIR; };
		E8CDF3592AEA14A500648A2A /* MobilityHubTests.swift */ = {isa = PBXFileReference; lastKnownFileType = sourcecode.swift; path = MobilityHubTests.swift; sourceTree = "<group>"; };
		E8CDF35F2AEA14A500648A2A /* MobilityHubUITests.xctest */ = {isa = PBXFileReference; explicitFileType = wrapper.cfbundle; includeInIndex = 0; path = MobilityHubUITests.xctest; sourceTree = BUILT_PRODUCTS_DIR; };
		E8CDF3632AEA14A500648A2A /* MobilityHubUITests.swift */ = {isa = PBXFileReference; lastKnownFileType = sourcecode.swift; path = MobilityHubUITests.swift; sourceTree = "<group>"; };
		E8CDF3652AEA14A500648A2A /* MobilityHubUITestsLaunchTests.swift */ = {isa = PBXFileReference; lastKnownFileType = sourcecode.swift; path = MobilityHubUITestsLaunchTests.swift; sourceTree = "<group>"; };
		E8E2E9D12AEC7B9100467CE7 /* TestController.swift */ = {isa = PBXFileReference; lastKnownFileType = sourcecode.swift; path = TestController.swift; sourceTree = "<group>"; };
/* End PBXFileReference section */

/* Begin PBXFrameworksBuildPhase section */
		E8CDF33C2AEA14A000648A2A /* Frameworks */ = {
			isa = PBXFrameworksBuildPhase;
			buildActionMask = 2147483647;
			files = (
			);
			runOnlyForDeploymentPostprocessing = 0;
		};
		E8CDF3522AEA14A500648A2A /* Frameworks */ = {
			isa = PBXFrameworksBuildPhase;
			buildActionMask = 2147483647;
			files = (
			);
			runOnlyForDeploymentPostprocessing = 0;
		};
		E8CDF35C2AEA14A500648A2A /* Frameworks */ = {
			isa = PBXFrameworksBuildPhase;
			buildActionMask = 2147483647;
			files = (
			);
			runOnlyForDeploymentPostprocessing = 0;
		};
/* End PBXFrameworksBuildPhase section */

/* Begin PBXGroup section */
		E8CDF3362AEA14A000648A2A = {
			isa = PBXGroup;
			children = (
				E8CDF3412AEA14A000648A2A /* MobilityHub */,
				E8CDF3582AEA14A500648A2A /* MobilityHubTests */,
				E8CDF3622AEA14A500648A2A /* MobilityHubUITests */,
				E8CDF3402AEA14A000648A2A /* Products */,
			);
			sourceTree = "<group>";
		};
		E8CDF3402AEA14A000648A2A /* Products */ = {
			isa = PBXGroup;
			children = (
				E8CDF33F2AEA14A000648A2A /* MobilityHub.app */,
				E8CDF3552AEA14A500648A2A /* MobilityHubTests.xctest */,
				E8CDF35F2AEA14A500648A2A /* MobilityHubUITests.xctest */,
			);
			name = Products;
			sourceTree = "<group>";
		};
		E8CDF3412AEA14A000648A2A /* MobilityHub */ = {
			isa = PBXGroup;
			children = (
				E8CDF3422AEA14A000648A2A /* AppDelegate.swift */,
				E8E2E9D12AEC7B9100467CE7 /* TestController.swift */,
				E8CDF3442AEA14A000648A2A /* SceneDelegate.swift */,
				E8CDF3462AEA14A000648A2A /* ViewController.swift */,
				E8CDF3482AEA14A000648A2A /* Main.storyboard */,
				E8CDF34B2AEA14A400648A2A /* Assets.xcassets */,
				E8CDF34D2AEA14A400648A2A /* LaunchScreen.storyboard */,
				E8CDF3502AEA14A400648A2A /* Info.plist */,
			);
			path = MobilityHub;
			sourceTree = "<group>";
		};
		E8CDF3582AEA14A500648A2A /* MobilityHubTests */ = {
			isa = PBXGroup;
			children = (
				E8CDF3592AEA14A500648A2A /* MobilityHubTests.swift */,
			);
			path = MobilityHubTests;
			sourceTree = "<group>";
		};
		E8CDF3622AEA14A500648A2A /* MobilityHubUITests */ = {
			isa = PBXGroup;
			children = (
				E8CDF3632AEA14A500648A2A /* MobilityHubUITests.swift */,
				E8CDF3652AEA14A500648A2A /* MobilityHubUITestsLaunchTests.swift */,
			);
			path = MobilityHubUITests;
			sourceTree = "<group>";
		};
/* End PBXGroup section */

/* Begin PBXNativeTarget section */
		E8CDF33E2AEA14A000648A2A /* MobilityHub */ = {
			isa = PBXNativeTarget;
			buildConfigurationList = E8CDF3692AEA14A500648A2A /* Build configuration list for PBXNativeTarget "MobilityHub" */;
			buildPhases = (
				E8CDF33B2AEA14A000648A2A /* Sources */,
				E8CDF33C2AEA14A000648A2A /* Frameworks */,
				E8CDF33D2AEA14A000648A2A /* Resources */,
			);
			buildRules = (
			);
			dependencies = (
			);
			name = MobilityHub;
			productName = MobilityHub;
			productReference = E8CDF33F2AEA14A000648A2A /* MobilityHub.app */;
			productType = "com.apple.product-type.application";
		};
		E8CDF3542AEA14A500648A2A /* MobilityHubTests */ = {
			isa = PBXNativeTarget;
			buildConfigurationList = E8CDF36C2AEA14A500648A2A /* Build configuration list for PBXNativeTarget "MobilityHubTests" */;
			buildPhases = (
				E8CDF3512AEA14A500648A2A /* Sources */,
				E8CDF3522AEA14A500648A2A /* Frameworks */,
				E8CDF3532AEA14A500648A2A /* Resources */,
			);
			buildRules = (
			);
			dependencies = (
				E8CDF3572AEA14A500648A2A /* PBXTargetDependency */,
			);
			name = MobilityHubTests;
			productName = MobilityHubTests;
			productReference = E8CDF3552AEA14A500648A2A /* MobilityHubTests.xctest */;
			productType = "com.apple.product-type.bundle.unit-test";
		};
		E8CDF35E2AEA14A500648A2A /* MobilityHubUITests */ = {
			isa = PBXNativeTarget;
			buildConfigurationList = E8CDF36F2AEA14A500648A2A /* Build configuration list for PBXNativeTarget "MobilityHubUITests" */;
			buildPhases = (
				E8CDF35B2AEA14A500648A2A /* Sources */,
				E8CDF35C2AEA14A500648A2A /* Frameworks */,
				E8CDF35D2AEA14A500648A2A /* Resources */,
			);
			buildRules = (
			);
			dependencies = (
				E8CDF3612AEA14A500648A2A /* PBXTargetDependency */,
			);
			name = MobilityHubUITests;
			productName = MobilityHubUITests;
			productReference = E8CDF35F2AEA14A500648A2A /* MobilityHubUITests.xctest */;
			productType = "com.apple.product-type.bundle.ui-testing";
		};
/* End PBXNativeTarget section */

/* Begin PBXProject section */
		E8CDF3372AEA14A000648A2A /* Project object */ = {
			isa = PBXProject;
			attributes = {
				BuildIndependentTargetsInParallel = 1;
				LastSwiftUpdateCheck = 1500;
				LastUpgradeCheck = 1500;
				TargetAttributes = {
					E8CDF33E2AEA14A000648A2A = {
						CreatedOnToolsVersion = 15.0.1;
					};
					E8CDF3542AEA14A500648A2A = {
						CreatedOnToolsVersion = 15.0.1;
						TestTargetID = E8CDF33E2AEA14A000648A2A;
					};
					E8CDF35E2AEA14A500648A2A = {
						CreatedOnToolsVersion = 15.0.1;
						TestTargetID = E8CDF33E2AEA14A000648A2A;
					};
				};
			};
			buildConfigurationList = E8CDF33A2AEA14A000648A2A /* Build configuration list for PBXProject "MobilityHub" */;
			compatibilityVersion = "Xcode 14.0";
			developmentRegion = en;
			hasScannedForEncodings = 0;
			knownRegions = (
				en,
				Base,
			);
			mainGroup = E8CDF3362AEA14A000648A2A;
			productRefGroup = E8CDF3402AEA14A000648A2A /* Products */;
			projectDirPath = "";
			projectRoot = "";
			targets = (
				E8CDF33E2AEA14A000648A2A /* MobilityHub */,
				E8CDF3542AEA14A500648A2A /* MobilityHubTests */,
				E8CDF35E2AEA14A500648A2A /* MobilityHubUITests */,
			);
		};
/* End PBXProject section */

/* Begin PBXResourcesBuildPhase section */
		E8CDF33D2AEA14A000648A2A /* Resources */ = {
			isa = PBXResourcesBuildPhase;
			buildActionMask = 2147483647;
			files = (
				E8CDF34F2AEA14A400648A2A /* LaunchScreen.storyboard in Resources */,
				E8CDF34C2AEA14A400648A2A /* Assets.xcassets in Resources */,
				E8CDF34A2AEA14A000648A2A /* Main.storyboard in Resources */,
			);
			runOnlyForDeploymentPostprocessing = 0;
		};
		E8CDF3532AEA14A500648A2A /* Resources */ = {
			isa = PBXResourcesBuildPhase;
			buildActionMask = 2147483647;
			files = (
			);
			runOnlyForDeploymentPostprocessing = 0;
		};
		E8CDF35D2AEA14A500648A2A /* Resources */ = {
			isa = PBXResourcesBuildPhase;
			buildActionMask = 2147483647;
			files = (
			);
			runOnlyForDeploymentPostprocessing = 0;
		};
/* End PBXResourcesBuildPhase section */

/* Begin PBXSourcesBuildPhase section */
		E8CDF33B2AEA14A000648A2A /* Sources */ = {
			isa = PBXSourcesBuildPhase;
			buildActionMask = 2147483647;
			files = (
				E8E2E9D22AEC7B9100467CE7 /* TestController.swift in Sources */,
				E8CDF3472AEA14A000648A2A /* ViewController.swift in Sources */,
				E8CDF3432AEA14A000648A2A /* AppDelegate.swift in Sources */,
				E8CDF3452AEA14A000648A2A /* SceneDelegate.swift in Sources */,
			);
			runOnlyForDeploymentPostprocessing = 0;
		};
		E8CDF3512AEA14A500648A2A /* Sources */ = {
			isa = PBXSourcesBuildPhase;
			buildActionMask = 2147483647;
			files = (
				E8CDF35A2AEA14A500648A2A /* MobilityHubTests.swift in Sources */,
			);
			runOnlyForDeploymentPostprocessing = 0;
		};
		E8CDF35B2AEA14A500648A2A /* Sources */ = {
			isa = PBXSourcesBuildPhase;
			buildActionMask = 2147483647;
			files = (
				E8CDF3642AEA14A500648A2A /* MobilityHubUITests.swift in Sources */,
				E8CDF3662AEA14A500648A2A /* MobilityHubUITestsLaunchTests.swift in Sources */,
			);
			runOnlyForDeploymentPostprocessing = 0;
		};
/* End PBXSourcesBuildPhase section */

/* Begin PBXTargetDependency section */
		E8CDF3572AEA14A500648A2A /* PBXTargetDependency */ = {
			isa = PBXTargetDependency;
			target = E8CDF33E2AEA14A000648A2A /* MobilityHub */;
			targetProxy = E8CDF3562AEA14A500648A2A /* PBXContainerItemProxy */;
		};
		E8CDF3612AEA14A500648A2A /* PBXTargetDependency */ = {
			isa = PBXTargetDependency;
			target = E8CDF33E2AEA14A000648A2A /* MobilityHub */;
			targetProxy = E8CDF3602AEA14A500648A2A /* PBXContainerItemProxy */;
		};
/* End PBXTargetDependency section */

/* Begin PBXVariantGroup section */
		E8CDF3482AEA14A000648A2A /* Main.storyboard */ = {
			isa = PBXVariantGroup;
			children = (
				E8CDF3492AEA14A000648A2A /* Base */,
			);
			name = Main.storyboard;
			sourceTree = "<group>";
		};
		E8CDF34D2AEA14A400648A2A /* LaunchScreen.storyboard */ = {
			isa = PBXVariantGroup;
			children = (
				E8CDF34E2AEA14A400648A2A /* Base */,
			);
			name = LaunchScreen.storyboard;
			sourceTree = "<group>";
		};
/* End PBXVariantGroup section */

/* Begin XCBuildConfiguration section */
		E8CDF3672AEA14A500648A2A /* Debug */ = {
			isa = XCBuildConfiguration;
			buildSettings = {
				ALWAYS_SEARCH_USER_PATHS = NO;
				ASSETCATALOG_COMPILER_GENERATE_SWIFT_ASSET_SYMBOL_EXTENSIONS = YES;
				CLANG_ANALYZER_NONNULL = YES;
				CLANG_ANALYZER_NUMBER_OBJECT_CONVERSION = YES_AGGRESSIVE;
				CLANG_CXX_LANGUAGE_STANDARD = "gnu++20";
				CLANG_ENABLE_MODULES = YES;
				CLANG_ENABLE_OBJC_ARC = YES;
				CLANG_ENABLE_OBJC_WEAK = YES;
				CLANG_WARN_BLOCK_CAPTURE_AUTORELEASING = YES;
				CLANG_WARN_BOOL_CONVERSION = YES;
				CLANG_WARN_COMMA = YES;
				CLANG_WARN_CONSTANT_CONVERSION = YES;
				CLANG_WARN_DEPRECATED_OBJC_IMPLEMENTATIONS = YES;
				CLANG_WARN_DIRECT_OBJC_ISA_USAGE = YES_ERROR;
				CLANG_WARN_DOCUMENTATION_COMMENTS = YES;
				CLANG_WARN_EMPTY_BODY = YES;
				CLANG_WARN_ENUM_CONVERSION = YES;
				CLANG_WARN_INFINITE_RECURSION = YES;
				CLANG_WARN_INT_CONVERSION = YES;
				CLANG_WARN_NON_LITERAL_NULL_CONVERSION = YES;
				CLANG_WARN_OBJC_IMPLICIT_RETAIN_SELF = YES;
				CLANG_WARN_OBJC_LITERAL_CONVERSION = YES;
				CLANG_WARN_OBJC_ROOT_CLASS = YES_ERROR;
				CLANG_WARN_QUOTED_INCLUDE_IN_FRAMEWORK_HEADER = YES;
				CLANG_WARN_RANGE_LOOP_ANALYSIS = YES;
				CLANG_WARN_STRICT_PROTOTYPES = YES;
				CLANG_WARN_SUSPICIOUS_MOVE = YES;
				CLANG_WARN_UNGUARDED_AVAILABILITY = YES_AGGRESSIVE;
				CLANG_WARN_UNREACHABLE_CODE = YES;
				CLANG_WARN__DUPLICATE_METHOD_MATCH = YES;
				COPY_PHASE_STRIP = NO;
				DEBUG_INFORMATION_FORMAT = dwarf;
				ENABLE_STRICT_OBJC_MSGSEND = YES;
				ENABLE_TESTABILITY = YES;
				ENABLE_USER_SCRIPT_SANDBOXING = YES;
				GCC_C_LANGUAGE_STANDARD = gnu17;
				GCC_DYNAMIC_NO_PIC = NO;
				GCC_NO_COMMON_BLOCKS = YES;
				GCC_OPTIMIZATION_LEVEL = 0;
				GCC_PREPROCESSOR_DEFINITIONS = (
					"DEBUG=1",
					"$(inherited)",
				);
				GCC_WARN_64_TO_32_BIT_CONVERSION = YES;
				GCC_WARN_ABOUT_RETURN_TYPE = YES_ERROR;
				GCC_WARN_UNDECLARED_SELECTOR = YES;
				GCC_WARN_UNINITIALIZED_AUTOS = YES_AGGRESSIVE;
				GCC_WARN_UNUSED_FUNCTION = YES;
				GCC_WARN_UNUSED_VARIABLE = YES;
				IPHONEOS_DEPLOYMENT_TARGET = 17.0;
				LOCALIZATION_PREFERS_STRING_CATALOGS = YES;
				MTL_ENABLE_DEBUG_INFO = INCLUDE_SOURCE;
				MTL_FAST_MATH = YES;
				ONLY_ACTIVE_ARCH = YES;
				SDKROOT = iphoneos;
				SWIFT_ACTIVE_COMPILATION_CONDITIONS = "DEBUG $(inherited)";
				SWIFT_OPTIMIZATION_LEVEL = "-Onone";
			};
			name = Debug;
		};
		E8CDF3682AEA14A500648A2A /* Release */ = {
			isa = XCBuildConfiguration;
			buildSettings = {
				ALWAYS_SEARCH_USER_PATHS = NO;
				ASSETCATALOG_COMPILER_GENERATE_SWIFT_ASSET_SYMBOL_EXTENSIONS = YES;
				CLANG_ANALYZER_NONNULL = YES;
				CLANG_ANALYZER_NUMBER_OBJECT_CONVERSION = YES_AGGRESSIVE;
				CLANG_CXX_LANGUAGE_STANDARD = "gnu++20";
				CLANG_ENABLE_MODULES = YES;
				CLANG_ENABLE_OBJC_ARC = YES;
				CLANG_ENABLE_OBJC_WEAK = YES;
				CLANG_WARN_BLOCK_CAPTURE_AUTORELEASING = YES;
				CLANG_WARN_BOOL_CONVERSION = YES;
				CLANG_WARN_COMMA = YES;
				CLANG_WARN_CONSTANT_CONVERSION = YES;
				CLANG_WARN_DEPRECATED_OBJC_IMPLEMENTATIONS = YES;
				CLANG_WARN_DIRECT_OBJC_ISA_USAGE = YES_ERROR;
				CLANG_WARN_DOCUMENTATION_COMMENTS = YES;
				CLANG_WARN_EMPTY_BODY = YES;
				CLANG_WARN_ENUM_CONVERSION = YES;
				CLANG_WARN_INFINITE_RECURSION = YES;
				CLANG_WARN_INT_CONVERSION = YES;
				CLANG_WARN_NON_LITERAL_NULL_CONVERSION = YES;
				CLANG_WARN_OBJC_IMPLICIT_RETAIN_SELF = YES;
				CLANG_WARN_OBJC_LITERAL_CONVERSION = YES;
				CLANG_WARN_OBJC_ROOT_CLASS = YES_ERROR;
				CLANG_WARN_QUOTED_INCLUDE_IN_FRAMEWORK_HEADER = YES;
				CLANG_WARN_RANGE_LOOP_ANALYSIS = YES;
				CLANG_WARN_STRICT_PROTOTYPES = YES;
				CLANG_WARN_SUSPICIOUS_MOVE = YES;
				CLANG_WARN_UNGUARDED_AVAILABILITY = YES_AGGRESSIVE;
				CLANG_WARN_UNREACHABLE_CODE = YES;
				CLANG_WARN__DUPLICATE_METHOD_MATCH = YES;
				COPY_PHASE_STRIP = NO;
				DEBUG_INFORMATION_FORMAT = "dwarf-with-dsym";
				ENABLE_NS_ASSERTIONS = NO;
				ENABLE_STRICT_OBJC_MSGSEND = YES;
				ENABLE_USER_SCRIPT_SANDBOXING = YES;
				GCC_C_LANGUAGE_STANDARD = gnu17;
				GCC_NO_COMMON_BLOCKS = YES;
				GCC_WARN_64_TO_32_BIT_CONVERSION = YES;
				GCC_WARN_ABOUT_RETURN_TYPE = YES_ERROR;
				GCC_WARN_UNDECLARED_SELECTOR = YES;
				GCC_WARN_UNINITIALIZED_AUTOS = YES_AGGRESSIVE;
				GCC_WARN_UNUSED_FUNCTION = YES;
				GCC_WARN_UNUSED_VARIABLE = YES;
				IPHONEOS_DEPLOYMENT_TARGET = 17.0;
				LOCALIZATION_PREFERS_STRING_CATALOGS = YES;
				MTL_ENABLE_DEBUG_INFO = NO;
				MTL_FAST_MATH = YES;
				SDKROOT = iphoneos;
				SWIFT_COMPILATION_MODE = wholemodule;
				VALIDATE_PRODUCT = YES;
			};
			name = Release;
		};
		E8CDF36A2AEA14A500648A2A /* Debug */ = {
			isa = XCBuildConfiguration;
			buildSettings = {
				ASSETCATALOG_COMPILER_APPICON_NAME = AppIcon;
				ASSETCATALOG_COMPILER_GLOBAL_ACCENT_COLOR_NAME = AccentColor;
				CODE_SIGN_STYLE = Automatic;
				CURRENT_PROJECT_VERSION = 1;
				DEVELOPMENT_TEAM = 78J5TMZD28;
				GENERATE_INFOPLIST_FILE = YES;
				INFOPLIST_FILE = MobilityHub/Info.plist;
				INFOPLIST_KEY_UIApplicationSupportsIndirectInputEvents = YES;
				INFOPLIST_KEY_UILaunchStoryboardName = LaunchScreen;
				INFOPLIST_KEY_UIMainStoryboardFile = Main;
				INFOPLIST_KEY_UISupportedInterfaceOrientations_iPad = "UIInterfaceOrientationPortrait UIInterfaceOrientationPortraitUpsideDown UIInterfaceOrientationLandscapeLeft UIInterfaceOrientationLandscapeRight";
				INFOPLIST_KEY_UISupportedInterfaceOrientations_iPhone = "UIInterfaceOrientationPortrait UIInterfaceOrientationLandscapeLeft UIInterfaceOrientationLandscapeRight";
				IPHONEOS_DEPLOYMENT_TARGET = 16.0;
				LD_RUNPATH_SEARCH_PATHS = (
					"$(inherited)",
					"@executable_path/Frameworks",
				);
				MARKETING_VERSION = 1.0;
				PRODUCT_BUNDLE_IDENTIFIER = AraavNayak.MobilityHub;
				PRODUCT_NAME = "$(TARGET_NAME)";
				SWIFT_EMIT_LOC_STRINGS = YES;
				SWIFT_VERSION = 5.0;
				TARGETED_DEVICE_FAMILY = "1,2";
			};
			name = Debug;
		};
		E8CDF36B2AEA14A500648A2A /* Release */ = {
			isa = XCBuildConfiguration;
			buildSettings = {
				ASSETCATALOG_COMPILER_APPICON_NAME = AppIcon;
				ASSETCATALOG_COMPILER_GLOBAL_ACCENT_COLOR_NAME = AccentColor;
				CODE_SIGN_STYLE = Automatic;
				CURRENT_PROJECT_VERSION = 1;
				DEVELOPMENT_TEAM = 78J5TMZD28;
				GENERATE_INFOPLIST_FILE = YES;
				INFOPLIST_FILE = MobilityHub/Info.plist;
				INFOPLIST_KEY_UIApplicationSupportsIndirectInputEvents = YES;
				INFOPLIST_KEY_UILaunchStoryboardName = LaunchScreen;
				INFOPLIST_KEY_UIMainStoryboardFile = Main;
				INFOPLIST_KEY_UISupportedInterfaceOrientations_iPad = "UIInterfaceOrientationPortrait UIInterfaceOrientationPortraitUpsideDown UIInterfaceOrientationLandscapeLeft UIInterfaceOrientationLandscapeRight";
				INFOPLIST_KEY_UISupportedInterfaceOrientations_iPhone = "UIInterfaceOrientationPortrait UIInterfaceOrientationLandscapeLeft UIInterfaceOrientationLandscapeRight";
				IPHONEOS_DEPLOYMENT_TARGET = 16.0;
				LD_RUNPATH_SEARCH_PATHS = (
					"$(inherited)",
					"@executable_path/Frameworks",
				);
				MARKETING_VERSION = 1.0;
				PRODUCT_BUNDLE_IDENTIFIER = AraavNayak.MobilityHub;
				PRODUCT_NAME = "$(TARGET_NAME)";
				SWIFT_EMIT_LOC_STRINGS = YES;
				SWIFT_VERSION = 5.0;
				TARGETED_DEVICE_FAMILY = "1,2";
			};
			name = Release;
		};
		E8CDF36D2AEA14A500648A2A /* Debug */ = {
			isa = XCBuildConfiguration;
			buildSettings = {
				ALWAYS_EMBED_SWIFT_STANDARD_LIBRARIES = YES;
				BUNDLE_LOADER = "$(TEST_HOST)";
				CODE_SIGN_STYLE = Automatic;
				CURRENT_PROJECT_VERSION = 1;
				DEVELOPMENT_TEAM = 78J5TMZD28;
				GENERATE_INFOPLIST_FILE = YES;
				IPHONEOS_DEPLOYMENT_TARGET = 17.0;
				MARKETING_VERSION = 1.0;
				PRODUCT_BUNDLE_IDENTIFIER = AraavNayak.MobilityHubTests;
				PRODUCT_NAME = "$(TARGET_NAME)";
				SWIFT_EMIT_LOC_STRINGS = NO;
				SWIFT_VERSION = 5.0;
				TARGETED_DEVICE_FAMILY = "1,2";
				TEST_HOST = "$(BUILT_PRODUCTS_DIR)/MobilityHub.app/$(BUNDLE_EXECUTABLE_FOLDER_PATH)/MobilityHub";
			};
			name = Debug;
		};
		E8CDF36E2AEA14A500648A2A /* Release */ = {
			isa = XCBuildConfiguration;
			buildSettings = {
				ALWAYS_EMBED_SWIFT_STANDARD_LIBRARIES = YES;
				BUNDLE_LOADER = "$(TEST_HOST)";
				CODE_SIGN_STYLE = Automatic;
				CURRENT_PROJECT_VERSION = 1;
				DEVELOPMENT_TEAM = 78J5TMZD28;
				GENERATE_INFOPLIST_FILE = YES;
				IPHONEOS_DEPLOYMENT_TARGET = 17.0;
				MARKETING_VERSION = 1.0;
				PRODUCT_BUNDLE_IDENTIFIER = AraavNayak.MobilityHubTests;
				PRODUCT_NAME = "$(TARGET_NAME)";
				SWIFT_EMIT_LOC_STRINGS = NO;
				SWIFT_VERSION = 5.0;
				TARGETED_DEVICE_FAMILY = "1,2";
				TEST_HOST = "$(BUILT_PRODUCTS_DIR)/MobilityHub.app/$(BUNDLE_EXECUTABLE_FOLDER_PATH)/MobilityHub";
			};
			name = Release;
		};
		E8CDF3702AEA14A500648A2A /* Debug */ = {
			isa = XCBuildConfiguration;
			buildSettings = {
				ALWAYS_EMBED_SWIFT_STANDARD_LIBRARIES = YES;
				CODE_SIGN_STYLE = Automatic;
				CURRENT_PROJECT_VERSION = 1;
				DEVELOPMENT_TEAM = 78J5TMZD28;
				GENERATE_INFOPLIST_FILE = YES;
				MARKETING_VERSION = 1.0;
				PRODUCT_BUNDLE_IDENTIFIER = AraavNayak.MobilityHubUITests;
				PRODUCT_NAME = "$(TARGET_NAME)";
				SWIFT_EMIT_LOC_STRINGS = NO;
				SWIFT_VERSION = 5.0;
				TARGETED_DEVICE_FAMILY = "1,2";
				TEST_TARGET_NAME = MobilityHub;
			};
			name = Debug;
		};
		E8CDF3712AEA14A500648A2A /* Release */ = {
			isa = XCBuildConfiguration;
			buildSettings = {
				ALWAYS_EMBED_SWIFT_STANDARD_LIBRARIES = YES;
				CODE_SIGN_STYLE = Automatic;
				CURRENT_PROJECT_VERSION = 1;
				DEVELOPMENT_TEAM = 78J5TMZD28;
				GENERATE_INFOPLIST_FILE = YES;
				MARKETING_VERSION = 1.0;
				PRODUCT_BUNDLE_IDENTIFIER = AraavNayak.MobilityHubUITests;
				PRODUCT_NAME = "$(TARGET_NAME)";
				SWIFT_EMIT_LOC_STRINGS = NO;
				SWIFT_VERSION = 5.0;
				TARGETED_DEVICE_FAMILY = "1,2";
				TEST_TARGET_NAME = MobilityHub;
			};
			name = Release;
		};
/* End XCBuildConfiguration section */

/* Begin XCConfigurationList section */
		E8CDF33A2AEA14A000648A2A /* Build configuration list for PBXProject "MobilityHub" */ = {
			isa = XCConfigurationList;
			buildConfigurations = (
				E8CDF3672AEA14A500648A2A /* Debug */,
				E8CDF3682AEA14A500648A2A /* Release */,
			);
			defaultConfigurationIsVisible = 0;
			defaultConfigurationName = Release;
		};
		E8CDF3692AEA14A500648A2A /* Build configuration list for PBXNativeTarget "MobilityHub" */ = {
			isa = XCConfigurationList;
			buildConfigurations = (
				E8CDF36A2AEA14A500648A2A /* Debug */,
				E8CDF36B2AEA14A500648A2A /* Release */,
			);
			defaultConfigurationIsVisible = 0;
			defaultConfigurationName = Release;
		};
		E8CDF36C2AEA14A500648A2A /* Build configuration list for PBXNativeTarget "MobilityHubTests" */ = {
			isa = XCConfigurationList;
			buildConfigurations = (
				E8CDF36D2AEA14A500648A2A /* Debug */,
				E8CDF36E2AEA14A500648A2A /* Release */,
			);
			defaultConfigurationIsVisible = 0;
			defaultConfigurationName = Release;
		};
		E8CDF36F2AEA14A500648A2A /* Build configuration list for PBXNativeTarget "MobilityHubUITests" */ = {
			isa = XCConfigurationList;
			buildConfigurations = (
				E8CDF3702AEA14A500648A2A /* Debug */,
				E8CDF3712AEA14A500648A2A /* Release */,
			);
			defaultConfigurationIsVisible = 0;
			defaultConfigurationName = Release;
		};
/* End XCConfigurationList section */
	};
	rootObject = E8CDF3372AEA14A000648A2A /* Project object */;
}
